// !$*UTF8*$!
{
	archiveVersion = 1;
	classes = {
	};
	objectVersion = 46;
	objects = {

/* Begin PBXBuildFile section */
		24E93BA11E30888B00586E05 /* main.m in Sources */ = {isa = PBXBuildFile; fileRef = 24E93BA01E30888B00586E05 /* main.m */; };
		24E93BA41E30888B00586E05 /* AppDelegate.m in Sources */ = {isa = PBXBuildFile; fileRef = 24E93BA31E30888B00586E05 /* AppDelegate.m */; };
		24E93BA71E30888B00586E05 /* ViewController.m in Sources */ = {isa = PBXBuildFile; fileRef = 24E93BA61E30888B00586E05 /* ViewController.m */; };
		24E93BAA1E30888B00586E05 /* Main.storyboard in Resources */ = {isa = PBXBuildFile; fileRef = 24E93BA81E30888B00586E05 /* Main.storyboard */; };
		24E93BAD1E30888B00586E05 /* DroneApp.xcdatamodeld in Sources */ = {isa = PBXBuildFile; fileRef = 24E93BAB1E30888B00586E05 /* DroneApp.xcdatamodeld */; };
		24E93BAF1E30888B00586E05 /* Assets.xcassets in Resources */ = {isa = PBXBuildFile; fileRef = 24E93BAE1E30888B00586E05 /* Assets.xcassets */; };
		24E93BB21E30888B00586E05 /* LaunchScreen.storyboard in Resources */ = {isa = PBXBuildFile; fileRef = 24E93BB01E30888B00586E05 /* LaunchScreen.storyboard */; };
/* End PBXBuildFile section */

/* Begin PBXFileReference section */
		24E93B9C1E30888A00586E05 /* DroneApp.app */ = {isa = PBXFileReference; explicitFileType = wrapper.application; includeInIndex = 0; path = DroneApp.app; sourceTree = BUILT_PRODUCTS_DIR; };
		24E93BA01E30888B00586E05 /* main.m */ = {isa = PBXFileReference; lastKnownFileType = sourcecode.c.objc; path = main.m; sourceTree = "<group>"; };
		24E93BA21E30888B00586E05 /* AppDelegate.h */ = {isa = PBXFileReference; lastKnownFileType = sourcecode.c.h; path = AppDelegate.h; sourceTree = "<group>"; };
		24E93BA31E30888B00586E05 /* AppDelegate.m */ = {isa = PBXFileReference; lastKnownFileType = sourcecode.c.objc; path = AppDelegate.m; sourceTree = "<group>"; };
		24E93BA51E30888B00586E05 /* ViewController.h */ = {isa = PBXFileReference; lastKnownFileType = sourcecode.c.h; path = ViewController.h; sourceTree = "<group>"; };
		24E93BA61E30888B00586E05 /* ViewController.m */ = {isa = PBXFileReference; lastKnownFileType = sourcecode.c.objc; path = ViewController.m; sourceTree = "<group>"; };
		24E93BA91E30888B00586E05 /* Base */ = {isa = PBXFileReference; lastKnownFileType = file.storyboard; name = Base; path = Base.lproj/Main.storyboard; sourceTree = "<group>"; };
		24E93BAC1E30888B00586E05 /* DroneApp.xcdatamodel */ = {isa = PBXFileReference; lastKnownFileType = wrapper.xcdatamodel; path = DroneApp.xcdatamodel; sourceTree = "<group>"; };
		24E93BAE1E30888B00586E05 /* Assets.xcassets */ = {isa = PBXFileReference; lastKnownFileType = folder.assetcatalog; path = Assets.xcassets; sourceTree = "<group>"; };
		24E93BB11E30888B00586E05 /* Base */ = {isa = PBXFileReference; lastKnownFileType = file.storyboard; name = Base; path = Base.lproj/LaunchScreen.storyboard; sourceTree = "<group>"; };
		24E93BB31E30888B00586E05 /* Info.plist */ = {isa = PBXFileReference; lastKnownFileType = text.plist.xml; path = Info.plist; sourceTree = "<group>"; };
/* End PBXFileReference section */

/* Begin PBXFrameworksBuildPhase section */
		24E93B991E30888A00586E05 /* Frameworks */ = {
			isa = PBXFrameworksBuildPhase;
			buildActionMask = 2147483647;
			files = (
			);
			runOnlyForDeploymentPostprocessing = 0;
		};
/* End PBXFrameworksBuildPhase section */

/* Begin PBXGroup section */
		24E93B931E30888A00586E05 = {
			isa = PBXGroup;
			children = (
				24E93B9E1E30888B00586E05 /* DroneApp */,
				24E93B9D1E30888A00586E05 /* Products */,
			);
			sourceTree = "<group>";
		};
		24E93B9D1E30888A00586E05 /* Products */ = {
			isa = PBXGroup;
			children = (
				24E93B9C1E30888A00586E05 /* DroneApp.app */,
			);
			name = Products;
			sourceTree = "<group>";
		};
		24E93B9E1E30888B00586E05 /* DroneApp */ = {
			isa = PBXGroup;
			children = (
				24E93BA21E30888B00586E05 /* AppDelegate.h */,
				24E93BA31E30888B00586E05 /* AppDelegate.m */,
				24E93BA51E30888B00586E05 /* ViewController.h */,
				24E93BA61E30888B00586E05 /* ViewController.m */,
				24E93BA81E30888B00586E05 /* Main.storyboard */,
				24E93BAE1E30888B00586E05 /* Assets.xcassets */,
				24E93BB01E30888B00586E05 /* LaunchScreen.storyboard */,
				24E93BB31E30888B00586E05 /* Info.plist */,
				24E93BAB1E30888B00586E05 /* DroneApp.xcdatamodeld */,
				24E93B9F1E30888B00586E05 /* Supporting Files */,
			);
			path = DroneApp;
			sourceTree = "<group>";
		};
		24E93B9F1E30888B00586E05 /* Supporting Files */ = {
			isa = PBXGroup;
			children = (
				24E93BA01E30888B00586E05 /* main.m */,
			);
			name = "Supporting Files";
			sourceTree = "<group>";
		};
/* End PBXGroup section */

/* Begin PBXNativeTarget section */
		24E93B9B1E30888A00586E05 /* DroneApp */ = {
			isa = PBXNativeTarget;
			buildConfigurationList = 24E93BB61E30888B00586E05 /* Build configuration list for PBXNativeTarget "DroneApp" */;
			buildPhases = (
				24E93B981E30888A00586E05 /* Sources */,
				24E93B991E30888A00586E05 /* Frameworks */,
				24E93B9A1E30888A00586E05 /* Resources */,
			);
			buildRules = (
			);
			dependencies = (
			);
			name = DroneApp;
			productName = DroneApp;
			productReference = 24E93B9C1E30888A00586E05 /* DroneApp.app */;
			productType = "com.apple.product-type.application";
		};
/* End PBXNativeTarget section */

/* Begin PBXProject section */
		24E93B941E30888A00586E05 /* Project object */ = {
			isa = PBXProject;
			attributes = {
				LastUpgradeCheck = 0730;
				ORGANIZATIONNAME = "Alex Ruber";
				TargetAttributes = {
					24E93B9B1E30888A00586E05 = {
						CreatedOnToolsVersion = 7.3.1;
					};
				};
			};
			buildConfigurationList = 24E93B971E30888A00586E05 /* Build configuration list for PBXProject "DroneApp" */;
			compatibilityVersion = "Xcode 3.2";
			developmentRegion = English;
			hasScannedForEncodings = 0;
			knownRegions = (
				en,
				Base,
			);
			mainGroup = 24E93B931E30888A00586E05;
			productRefGroup = 24E93B9D1E30888A00586E05 /* Products */;
			projectDirPath = "";
			projectRoot = "";
			targets = (
				24E93B9B1E30888A00586E05 /* DroneApp */,
			);
		};
/* End PBXProject section */

/* Begin PBXResourcesBuildPhase section */
		24E93B9A1E30888A00586E05 /* Resources */ = {
			isa = PBXResourcesBuildPhase;
			buildActionMask = 2147483647;
			files = (
				24E93BB21E30888B00586E05 /* LaunchScreen.storyboard in Resources */,
				24E93BAF1E30888B00586E05 /* Assets.xcassets in Resources */,
				24E93BAA1E30888B00586E05 /* Main.storyboard in Resources */,
			);
			runOnlyForDeploymentPostprocessing = 0;
		};
/* End PBXResourcesBuildPhase section */

/* Begin PBXSourcesBuildPhase section */
		24E93B981E30888A00586E05 /* Sources */ = {
			isa = PBXSourcesBuildPhase;
			buildActionMask = 2147483647;
			files = (
				24E93BA71E30888B00586E05 /* ViewController.m in Sources */,
				24E93BA41E30888B00586E05 /* AppDelegate.m in Sources */,
				24E93BAD1E30888B00586E05 /* DroneApp.xcdatamodeld in Sources */,
				24E93BA11E30888B00586E05 /* main.m in Sources */,
			);
			runOnlyForDeploymentPostprocessing = 0;
		};
/* End PBXSourcesBuildPhase section */

/* Begin PBXVariantGroup section */
		24E93BA81E30888B00586E05 /* Main.storyboard */ = {
			isa = PBXVariantGroup;
			children = (
				24E93BA91E30888B00586E05 /* Base */,
			);
			name = Main.storyboard;
			sourceTree = "<group>";
		};
		24E93BB01E30888B00586E05 /* LaunchScreen.storyboard */ = {
			isa = PBXVariantGroup;
			children = (
				24E93BB11E30888B00586E05 /* Base */,
			);
			name = LaunchScreen.storyboard;
			sourceTree = "<group>";
		};
/* End PBXVariantGroup section */

/* Begin XCBuildConfiguration section */
		24E93BB41E30888B00586E05 /* Debug */ = {
			isa = XCBuildConfiguration;
			buildSettings = {
				ALWAYS_SEARCH_USER_PATHS = NO;
				CLANG_ANALYZER_NONNULL = YES;
				CLANG_CXX_LANGUAGE_STANDARD = "gnu++0x";
				CLANG_CXX_LIBRARY = "libc++";
				CLANG_ENABLE_MODULES = YES;
				CLANG_ENABLE_OBJC_ARC = YES;
				CLANG_WARN_BOOL_CONVERSION = YES;
				CLANG_WARN_CONSTANT_CONVERSION = YES;
				CLANG_WARN_DIRECT_OBJC_ISA_USAGE = YES_ERROR;
				CLANG_WARN_EMPTY_BODY = YES;
				CLANG_WARN_ENUM_CONVERSION = YES;
				CLANG_WARN_INT_CONVERSION = YES;
				CLANG_WARN_OBJC_ROOT_CLASS = YES_ERROR;
				CLANG_WARN_UNREACHABLE_CODE = YES;
				CLANG_WARN__DUPLICATE_METHOD_MATCH = YES;
				"CODE_SIGN_IDENTITY[sdk=iphoneos*]" = "iPhone Developer";
				COPY_PHASE_STRIP = NO;
				DEBUG_INFORMATION_FORMAT = dwarf;
				ENABLE_STRICT_OBJC_MSGSEND = YES;
				ENABLE_TESTABILITY = YES;
				GCC_C_LANGUAGE_STANDARD = gnu99;
				GCC_DYNAMIC_NO_PIC = NO;
				GCC_NO_COMMON_BLOCKS = YES;
				GCC_OPTIMIZATION_LEVEL = 0;
				GCC_PREPROCESSOR_DEFINITIONS = (
					"DEBUG=1",
					"$(inherited)",
				);
				GCC_WARN_64_TO_32_BIT_CONVERSION = YES;
				GCC_WARN_ABOUT_RETURN_TYPE = YES_ERROR;
				GCC_WARN_UNDECLARED_SELECTOR = YES;
				GCC_WARN_UNINITIALIZED_AUTOS = YES_AGGRESSIVE;
				GCC_WARN_UNUSED_FUNCTION = YES;
				GCC_WARN_UNUSED_VARIABLE = YES;
				IPHONEOS_DEPLOYMENT_TARGET = 9.3;
				MTL_ENABLE_DEBUG_INFO = YES;
				ONLY_ACTIVE_ARCH = YES;
				SDKROOT = iphoneos;
				TARGETED_DEVICE_FAMILY = "1,2";
			};
			name = Debug;
		};
		24E93BB51E30888B00586E05 /* Release */ = {
			isa = XCBuildConfiguration;
			buildSettings = {
				ALWAYS_SEARCH_USER_PATHS = NO;
				CLANG_ANALYZER_NONNULL = YES;
				CLANG_CXX_LANGUAGE_STANDARD = "gnu++0x";
				CLANG_CXX_LIBRARY = "libc++";
				CLANG_ENABLE_MODULES = YES;
				CLANG_ENABLE_OBJC_ARC = YES;
				CLANG_WARN_BOOL_CONVERSION = YES;
				CLANG_WARN_CONSTANT_CONVERSION = YES;
				CLANG_WARN_DIRECT_OBJC_ISA_USAGE = YES_ERROR;
				CLANG_WARN_EMPTY_BODY = YES;
				CLANG_WARN_ENUM_CONVERSION = YES;
				CLANG_WARN_INT_CONVERSION = YES;
				CLANG_WARN_OBJC_ROOT_CLASS = YES_ERROR;
				CLANG_WARN_UNREACHABLE_CODE = YES;
				CLANG_WARN__DUPLICATE_METHOD_MATCH = YES;
				"CODE_SIGN_IDENTITY[sdk=iphoneos*]" = "iPhone Developer";
				COPY_PHASE_STRIP = NO;
				DEBUG_INFORMATION_FORMAT = "dwarf-with-dsym";
				ENABLE_NS_ASSERTIONS = NO;
				ENABLE_STRICT_OBJC_MSGSEND = YES;
				GCC_C_LANGUAGE_STANDARD = gnu99;
				GCC_NO_COMMON_BLOCKS = YES;
				GCC_WARN_64_TO_32_BIT_CONVERSION = YES;
				GCC_WARN_ABOUT_RETURN_TYPE = YES_ERROR;
				GCC_WARN_UNDECLARED_SELECTOR = YES;
				GCC_WARN_UNINITIALIZED_AUTOS = YES_AGGRESSIVE;
				GCC_WARN_UNUSED_FUNCTION = YES;
				GCC_WARN_UNUSED_VARIABLE = YES;
				IPHONEOS_DEPLOYMENT_TARGET = 9.3;
				MTL_ENABLE_DEBUG_INFO = NO;
				SDKROOT = iphoneos;
				TARGETED_DEVICE_FAMILY = "1,2";
				VALIDATE_PRODUCT = YES;
			};
			name = Release;
		};
		24E93BB71E30888B00586E05 /* Debug */ = {
			isa = XCBuildConfiguration;
			buildSettings = {
				ASSETCATALOG_COMPILER_APPICON_NAME = AppIcon;
				INFOPLIST_FILE = DroneApp/Info.plist;
				LD_RUNPATH_SEARCH_PATHS = "$(inherited) @executable_path/Frameworks";
				PRODUCT_BUNDLE_IDENTIFIER = com.CampusLiveInc.DroneApp;
				PRODUCT_NAME = "$(TARGET_NAME)";
			};
			name = Debug;
		};
		24E93BB81E30888B00586E05 /* Release */ = {
			isa = XCBuildConfiguration;
			buildSettings = {
				ASSETCATALOG_COMPILER_APPICON_NAME = AppIcon;
				INFOPLIST_FILE = DroneApp/Info.plist;
				LD_RUNPATH_SEARCH_PATHS = "$(inherited) @executable_path/Frameworks";
				PRODUCT_BUNDLE_IDENTIFIER = com.CampusLiveInc.DroneApp;
				PRODUCT_NAME = "$(TARGET_NAME)";
			};
			name = Release;
		};
/* End XCBuildConfiguration section */

/* Begin XCConfigurationList section */
		24E93B971E30888A00586E05 /* Build configuration list for PBXProject "DroneApp" */ = {
			isa = XCConfigurationList;
			buildConfigurations = (
				24E93BB41E30888B00586E05 /* Debug */,
				24E93BB51E30888B00586E05 /* Release */,
			);
			defaultConfigurationIsVisible = 0;
			defaultConfigurationName = Release;
		};
		24E93BB61E30888B00586E05 /* Build configuration list for PBXNativeTarget "DroneApp" */ = {
			isa = XCConfigurationList;
			buildConfigurations = (
				24E93BB71E30888B00586E05 /* Debug */,
				24E93BB81E30888B00586E05 /* Release */,
			);
			defaultConfigurationIsVisible = 0;
		};
/* End XCConfigurationList section */

/* Begin XCVersionGroup section */
		24E93BAB1E30888B00586E05 /* DroneApp.xcdatamodeld */ = {
			isa = XCVersionGroup;
			children = (
				24E93BAC1E30888B00586E05 /* DroneApp.xcdatamodel */,
			);
			currentVersion = 24E93BAC1E30888B00586E05 /* DroneApp.xcdatamodel */;
			path = DroneApp.xcdatamodeld;
			sourceTree = "<group>";
			versionGroupType = wrapper.xcdatamodel;
		};
/* End XCVersionGroup section */
	};
	rootObject = 24E93B941E30888A00586E05 /* Project object */;
}
